
Microsoft Visual Studio Solution File, Format Version 12.00
# Visual Studio 15
VisualStudioVersion = 15.0.28307.421
MinimumVisualStudioVersion = 10.0.40219.1
Project("{FAE04EC0-301F-11D3-BF4B-00C04F79EFBC}") = "TareaVector", "TareaVector\TareaVector.csproj", "{7390581A-EC16-4D43-BA3B-7F0C5805B85C}"
EndProject
Project("{FAE04EC0-301F-11D3-BF4B-00C04F79EFBC}") = "Fundacion.Jala.AppVector", "Fundacion.Jala.AppVector\Fundacion.Jala.AppVector.csproj", "{23F0B507-E4E9-447D-B8C6-EC4365252252}"
EndProject
Project("{FAE04EC0-301F-11D3-BF4B-00C04F79EFBC}") = "TestVectors", "TestVectors\TestVectors.csproj", "{153DDC1A-BEEE-4BB5-88A2-D7220B204738}"
EndProject
Global
	GlobalSection(SolutionConfigurationPlatforms) = preSolution
		Debug|Any CPU = Debug|Any CPU
		Release|Any CPU = Release|Any CPU
	EndGlobalSection
	GlobalSection(ProjectConfigurationPlatforms) = postSolution
		{7390581A-EC16-4D43-BA3B-7F0C5805B85C}.Debug|Any CPU.ActiveCfg = Debug|Any CPU
		{7390581A-EC16-4D43-BA3B-7F0C5805B85C}.Debug|Any CPU.Build.0 = Debug|Any CPU
		{7390581A-EC16-4D43-BA3B-7F0C5805B85C}.Release|Any CPU.ActiveCfg = Release|Any CPU
		{7390581A-EC16-4D43-BA3B-7F0C5805B85C}.Release|Any CPU.Build.0 = Release|Any CPU
		{23F0B507-E4E9-447D-B8C6-EC4365252252}.Debug|Any CPU.ActiveCfg = Debug|Any CPU
		{23F0B507-E4E9-447D-B8C6-EC4365252252}.Debug|Any CPU.Build.0 = Debug|Any CPU
		{23F0B507-E4E9-447D-B8C6-EC4365252252}.Release|Any CPU.ActiveCfg = Release|Any CPU
		{23F0B507-E4E9-447D-B8C6-EC4365252252}.Release|Any CPU.Build.0 = Release|Any CPU
		{153DDC1A-BEEE-4BB5-88A2-D7220B204738}.Debug|Any CPU.ActiveCfg = Debug|Any CPU
		{153DDC1A-BEEE-4BB5-88A2-D7220B204738}.Debug|Any CPU.Build.0 = Debug|Any CPU
		{153DDC1A-BEEE-4BB5-88A2-D7220B204738}.Release|Any CPU.ActiveCfg = Release|Any CPU
		{153DDC1A-BEEE-4BB5-88A2-D7220B204738}.Release|Any CPU.Build.0 = Release|Any CPU
	EndGlobalSection
	GlobalSection(SolutionProperties) = preSolution
		HideSolutionNode = FALSE
	EndGlobalSection
	GlobalSection(ExtensibilityGlobals) = postSolution
		SolutionGuid = {6E28C875-6CFC-4081-B759-9B7314C9C862}
	EndGlobalSection
EndGlobal
